// !$*UTF8*$!
{
	archiveVersion = 1;
	classes = {
	};
	objectVersion = 56;
	objects = {

/* Begin PBXBuildFile section */
		497F30F12C429A5E00923918 /* AppDelegate.swift in Sources */ = {isa = PBXBuildFile; fileRef = 497F30F02C429A5E00923918 /* AppDelegate.swift */; };
		497F30F32C429A5E00923918 /* SceneDelegate.swift in Sources */ = {isa = PBXBuildFile; fileRef = 497F30F22C429A5E00923918 /* SceneDelegate.swift */; };
		497F30F52C429A5E00923918 /* ViewController.swift in Sources */ = {isa = PBXBuildFile; fileRef = 497F30F42C429A5E00923918 /* ViewController.swift */; };
		497F30FA2C429A6000923918 /* Assets.xcassets in Resources */ = {isa = PBXBuildFile; fileRef = 497F30F92C429A6000923918 /* Assets.xcassets */; };
		497F30FD2C429A6000923918 /* LaunchScreen.storyboard in Resources */ = {isa = PBXBuildFile; fileRef = 497F30FB2C429A6000923918 /* LaunchScreen.storyboard */; };
		497F31062C429B1800923918 /* SnapKit in Frameworks */ = {isa = PBXBuildFile; productRef = 497F31052C429B1800923918 /* SnapKit */; };
		497F31082C429C0D00923918 /* ToastView.swift in Sources */ = {isa = PBXBuildFile; fileRef = 497F31072C429C0D00923918 /* ToastView.swift */; };
		497F310A2C429D4C00923918 /* Extension+UIApplication.swift in Sources */ = {isa = PBXBuildFile; fileRef = 497F31092C429D4C00923918 /* Extension+UIApplication.swift */; };
		497F31102C429E6400923918 /* ViewModel.swift in Sources */ = {isa = PBXBuildFile; fileRef = 497F310F2C429E6400923918 /* ViewModel.swift */; };
		497F31132C429F2800923918 /* CombineCocoa in Frameworks */ = {isa = PBXBuildFile; productRef = 497F31122C429F2800923918 /* CombineCocoa */; };
		497F31152C429FCC00923918 /* Extension+Cancellables.swift in Sources */ = {isa = PBXBuildFile; fileRef = 497F31142C429FCC00923918 /* Extension+Cancellables.swift */; };
		497F31172C42A14E00923918 /* ProductService.swift in Sources */ = {isa = PBXBuildFile; fileRef = 497F31162C42A14E00923918 /* ProductService.swift */; };
		497F31192C42A16400923918 /* ProductsEntity.swift in Sources */ = {isa = PBXBuildFile; fileRef = 497F31182C42A16400923918 /* ProductsEntity.swift */; };
		497F311B2C42A33B00923918 /* ProductRepository.swift in Sources */ = {isa = PBXBuildFile; fileRef = 497F311A2C42A33B00923918 /* ProductRepository.swift */; };
		497F31202C42A3C000923918 /* ProductsModel.swift in Sources */ = {isa = PBXBuildFile; fileRef = 497F311F2C42A3C000923918 /* ProductsModel.swift */; };
		497F31232C42A51F00923918 /* Extension+Publisher.swift in Sources */ = {isa = PBXBuildFile; fileRef = 497F31222C42A51F00923918 /* Extension+Publisher.swift */; };
		497F31252C42A5FA00923918 /* ErrorTracker.swift in Sources */ = {isa = PBXBuildFile; fileRef = 497F31242C42A5FA00923918 /* ErrorTracker.swift */; };
		497F31272C42A73400923918 /* Extension+UIViewController.swift in Sources */ = {isa = PBXBuildFile; fileRef = 497F31262C42A73400923918 /* Extension+UIViewController.swift */; };
/* End PBXBuildFile section */

/* Begin PBXFileReference section */
		497F30ED2C429A5E00923918 /* ToastViewSample.app */ = {isa = PBXFileReference; explicitFileType = wrapper.application; includeInIndex = 0; path = ToastViewSample.app; sourceTree = BUILT_PRODUCTS_DIR; };
		497F30F02C429A5E00923918 /* AppDelegate.swift */ = {isa = PBXFileReference; lastKnownFileType = sourcecode.swift; path = AppDelegate.swift; sourceTree = "<group>"; };
		497F30F22C429A5E00923918 /* SceneDelegate.swift */ = {isa = PBXFileReference; lastKnownFileType = sourcecode.swift; path = SceneDelegate.swift; sourceTree = "<group>"; };
		497F30F42C429A5E00923918 /* ViewController.swift */ = {isa = PBXFileReference; lastKnownFileType = sourcecode.swift; path = ViewController.swift; sourceTree = "<group>"; };
		497F30F92C429A6000923918 /* Assets.xcassets */ = {isa = PBXFileReference; lastKnownFileType = folder.assetcatalog; path = Assets.xcassets; sourceTree = "<group>"; };
		497F30FC2C429A6000923918 /* Base */ = {isa = PBXFileReference; lastKnownFileType = file.storyboard; name = Base; path = Base.lproj/LaunchScreen.storyboard; sourceTree = "<group>"; };
		497F30FE2C429A6000923918 /* Info.plist */ = {isa = PBXFileReference; lastKnownFileType = text.plist.xml; path = Info.plist; sourceTree = "<group>"; };
		497F31072C429C0D00923918 /* ToastView.swift */ = {isa = PBXFileReference; lastKnownFileType = sourcecode.swift; path = ToastView.swift; sourceTree = "<group>"; };
		497F31092C429D4C00923918 /* Extension+UIApplication.swift */ = {isa = PBXFileReference; lastKnownFileType = sourcecode.swift; path = "Extension+UIApplication.swift"; sourceTree = "<group>"; };
		497F310F2C429E6400923918 /* ViewModel.swift */ = {isa = PBXFileReference; lastKnownFileType = sourcecode.swift; path = ViewModel.swift; sourceTree = "<group>"; };
		497F31142C429FCC00923918 /* Extension+Cancellables.swift */ = {isa = PBXFileReference; lastKnownFileType = sourcecode.swift; path = "Extension+Cancellables.swift"; sourceTree = "<group>"; };
		497F31162C42A14E00923918 /* ProductService.swift */ = {isa = PBXFileReference; lastKnownFileType = sourcecode.swift; path = ProductService.swift; sourceTree = "<group>"; };
		497F31182C42A16400923918 /* ProductsEntity.swift */ = {isa = PBXFileReference; lastKnownFileType = sourcecode.swift; path = ProductsEntity.swift; sourceTree = "<group>"; };
		497F311A2C42A33B00923918 /* ProductRepository.swift */ = {isa = PBXFileReference; lastKnownFileType = sourcecode.swift; path = ProductRepository.swift; sourceTree = "<group>"; };
		497F311F2C42A3C000923918 /* ProductsModel.swift */ = {isa = PBXFileReference; lastKnownFileType = sourcecode.swift; path = ProductsModel.swift; sourceTree = "<group>"; };
		497F31222C42A51F00923918 /* Extension+Publisher.swift */ = {isa = PBXFileReference; lastKnownFileType = sourcecode.swift; path = "Extension+Publisher.swift"; sourceTree = "<group>"; };
		497F31242C42A5FA00923918 /* ErrorTracker.swift */ = {isa = PBXFileReference; lastKnownFileType = sourcecode.swift; path = ErrorTracker.swift; sourceTree = "<group>"; };
		497F31262C42A73400923918 /* Extension+UIViewController.swift */ = {isa = PBXFileReference; lastKnownFileType = sourcecode.swift; path = "Extension+UIViewController.swift"; sourceTree = "<group>"; };
/* End PBXFileReference section */

/* Begin PBXFrameworksBuildPhase section */
		497F30EA2C429A5E00923918 /* Frameworks */ = {
			isa = PBXFrameworksBuildPhase;
			buildActionMask = 2147483647;
			files = (
				497F31132C429F2800923918 /* CombineCocoa in Frameworks */,
				497F31062C429B1800923918 /* SnapKit in Frameworks */,
			);
			runOnlyForDeploymentPostprocessing = 0;
		};
/* End PBXFrameworksBuildPhase section */

/* Begin PBXGroup section */
		497F30E42C429A5E00923918 = {
			isa = PBXGroup;
			children = (
				497F30EF2C429A5E00923918 /* ToastViewSample */,
				497F30EE2C429A5E00923918 /* Products */,
			);
			sourceTree = "<group>";
		};
		497F30EE2C429A5E00923918 /* Products */ = {
			isa = PBXGroup;
			children = (
				497F30ED2C429A5E00923918 /* ToastViewSample.app */,
			);
			name = Products;
			sourceTree = "<group>";
		};
		497F30EF2C429A5E00923918 /* ToastViewSample */ = {
			isa = PBXGroup;
			children = (
				497F310B2C429E3200923918 /* Delegate */,
				497F310C2C429E3C00923918 /* Scene */,
				497F310D2C429E4900923918 /* Extensions */,
				497F30F92C429A6000923918 /* Assets.xcassets */,
				497F30FB2C429A6000923918 /* LaunchScreen.storyboard */,
				497F30FE2C429A6000923918 /* Info.plist */,
				497F311D2C42A39500923918 /* Service */,
				497F311C2C42A39100923918 /* Entity */,
				497F311E2C42A3A800923918 /* Repository */,
				497F31212C42A4CE00923918 /* Model */,
			);
			path = ToastViewSample;
			sourceTree = "<group>";
		};
		497F310B2C429E3200923918 /* Delegate */ = {
			isa = PBXGroup;
			children = (
				497F30F02C429A5E00923918 /* AppDelegate.swift */,
				497F30F22C429A5E00923918 /* SceneDelegate.swift */,
			);
			path = Delegate;
			sourceTree = "<group>";
		};
		497F310C2C429E3C00923918 /* Scene */ = {
			isa = PBXGroup;
			children = (
				497F310E2C429E5200923918 /* Common */,
				497F30F42C429A5E00923918 /* ViewController.swift */,
				497F310F2C429E6400923918 /* ViewModel.swift */,
			);
			path = Scene;
			sourceTree = "<group>";
		};
		497F310D2C429E4900923918 /* Extensions */ = {
			isa = PBXGroup;
			children = (
				497F31092C429D4C00923918 /* Extension+UIApplication.swift */,
				497F31142C429FCC00923918 /* Extension+Cancellables.swift */,
				497F31222C42A51F00923918 /* Extension+Publisher.swift */,
				497F31242C42A5FA00923918 /* ErrorTracker.swift */,
				497F31262C42A73400923918 /* Extension+UIViewController.swift */,
			);
			path = Extensions;
			sourceTree = "<group>";
		};
		497F310E2C429E5200923918 /* Common */ = {
			isa = PBXGroup;
			children = (
				497F31072C429C0D00923918 /* ToastView.swift */,
			);
			path = Common;
			sourceTree = "<group>";
		};
		497F311C2C42A39100923918 /* Entity */ = {
			isa = PBXGroup;
			children = (
				497F31182C42A16400923918 /* ProductsEntity.swift */,
			);
			path = Entity;
			sourceTree = "<group>";
		};
		497F311D2C42A39500923918 /* Service */ = {
			isa = PBXGroup;
			children = (
				497F31162C42A14E00923918 /* ProductService.swift */,
			);
			path = Service;
			sourceTree = "<group>";
		};
		497F311E2C42A3A800923918 /* Repository */ = {
			isa = PBXGroup;
			children = (
				497F311A2C42A33B00923918 /* ProductRepository.swift */,
			);
			path = Repository;
			sourceTree = "<group>";
		};
		497F31212C42A4CE00923918 /* Model */ = {
			isa = PBXGroup;
			children = (
				497F311F2C42A3C000923918 /* ProductsModel.swift */,
			);
			path = Model;
			sourceTree = "<group>";
		};
/* End PBXGroup section */

/* Begin PBXNativeTarget section */
		497F30EC2C429A5E00923918 /* ToastViewSample */ = {
			isa = PBXNativeTarget;
			buildConfigurationList = 497F31012C429A6000923918 /* Build configuration list for PBXNativeTarget "ToastViewSample" */;
			buildPhases = (
				497F30E92C429A5E00923918 /* Sources */,
				497F30EA2C429A5E00923918 /* Frameworks */,
				497F30EB2C429A5E00923918 /* Resources */,
			);
			buildRules = (
			);
			dependencies = (
			);
			name = ToastViewSample;
			packageProductDependencies = (
				497F31052C429B1800923918 /* SnapKit */,
				497F31122C429F2800923918 /* CombineCocoa */,
			);
			productName = ToastViewSample;
			productReference = 497F30ED2C429A5E00923918 /* ToastViewSample.app */;
			productType = "com.apple.product-type.application";
		};
/* End PBXNativeTarget section */

/* Begin PBXProject section */
		497F30E52C429A5E00923918 /* Project object */ = {
			isa = PBXProject;
			attributes = {
				BuildIndependentTargetsInParallel = 1;
				LastSwiftUpdateCheck = 1510;
				LastUpgradeCheck = 1510;
				TargetAttributes = {
					497F30EC2C429A5E00923918 = {
						CreatedOnToolsVersion = 15.1;
					};
				};
			};
			buildConfigurationList = 497F30E82C429A5E00923918 /* Build configuration list for PBXProject "ToastViewSample" */;
			compatibilityVersion = "Xcode 14.0";
			developmentRegion = en;
			hasScannedForEncodings = 0;
			knownRegions = (
				en,
				Base,
			);
			mainGroup = 497F30E42C429A5E00923918;
			packageReferences = (
				497F31042C429B1800923918 /* XCRemoteSwiftPackageReference "SnapKit" */,
				497F31112C429F2800923918 /* XCRemoteSwiftPackageReference "CombineCocoa" */,
			);
			productRefGroup = 497F30EE2C429A5E00923918 /* Products */;
			projectDirPath = "";
			projectRoot = "";
			targets = (
				497F30EC2C429A5E00923918 /* ToastViewSample */,
			);
		};
/* End PBXProject section */

/* Begin PBXResourcesBuildPhase section */
		497F30EB2C429A5E00923918 /* Resources */ = {
			isa = PBXResourcesBuildPhase;
			buildActionMask = 2147483647;
			files = (
				497F30FD2C429A6000923918 /* LaunchScreen.storyboard in Resources */,
				497F30FA2C429A6000923918 /* Assets.xcassets in Resources */,
			);
			runOnlyForDeploymentPostprocessing = 0;
		};
/* End PBXResourcesBuildPhase section */

/* Begin PBXSourcesBuildPhase section */
		497F30E92C429A5E00923918 /* Sources */ = {
			isa = PBXSourcesBuildPhase;
			buildActionMask = 2147483647;
			files = (
				497F31192C42A16400923918 /* ProductsEntity.swift in Sources */,
				497F311B2C42A33B00923918 /* ProductRepository.swift in Sources */,
				497F31082C429C0D00923918 /* ToastView.swift in Sources */,
				497F31172C42A14E00923918 /* ProductService.swift in Sources */,
				497F31152C429FCC00923918 /* Extension+Cancellables.swift in Sources */,
				497F31252C42A5FA00923918 /* ErrorTracker.swift in Sources */,
				497F30F52C429A5E00923918 /* ViewController.swift in Sources */,
				497F30F12C429A5E00923918 /* AppDelegate.swift in Sources */,
				497F31272C42A73400923918 /* Extension+UIViewController.swift in Sources */,
				497F30F32C429A5E00923918 /* SceneDelegate.swift in Sources */,
				497F31102C429E6400923918 /* ViewModel.swift in Sources */,
				497F310A2C429D4C00923918 /* Extension+UIApplication.swift in Sources */,
				497F31232C42A51F00923918 /* Extension+Publisher.swift in Sources */,
				497F31202C42A3C000923918 /* ProductsModel.swift in Sources */,
			);
			runOnlyForDeploymentPostprocessing = 0;
		};
/* End PBXSourcesBuildPhase section */

/* Begin PBXVariantGroup section */
		497F30FB2C429A6000923918 /* LaunchScreen.storyboard */ = {
			isa = PBXVariantGroup;
			children = (
				497F30FC2C429A6000923918 /* Base */,
			);
			name = LaunchScreen.storyboard;
			sourceTree = "<group>";
		};
/* End PBXVariantGroup section */

/* Begin XCBuildConfiguration section */
		497F30FF2C429A6000923918 /* Debug */ = {
			isa = XCBuildConfiguration;
			buildSettings = {
				ALWAYS_SEARCH_USER_PATHS = NO;
				ASSETCATALOG_COMPILER_GENERATE_SWIFT_ASSET_SYMBOL_EXTENSIONS = YES;
				CLANG_ANALYZER_NONNULL = YES;
				CLANG_ANALYZER_NUMBER_OBJECT_CONVERSION = YES_AGGRESSIVE;
				CLANG_CXX_LANGUAGE_STANDARD = "gnu++20";
				CLANG_ENABLE_MODULES = YES;
				CLANG_ENABLE_OBJC_ARC = YES;
				CLANG_ENABLE_OBJC_WEAK = YES;
				CLANG_WARN_BLOCK_CAPTURE_AUTORELEASING = YES;
				CLANG_WARN_BOOL_CONVERSION = YES;
				CLANG_WARN_COMMA = YES;
				CLANG_WARN_CONSTANT_CONVERSION = YES;
				CLANG_WARN_DEPRECATED_OBJC_IMPLEMENTATIONS = YES;
				CLANG_WARN_DIRECT_OBJC_ISA_USAGE = YES_ERROR;
				CLANG_WARN_DOCUMENTATION_COMMENTS = YES;
				CLANG_WARN_EMPTY_BODY = YES;
				CLANG_WARN_ENUM_CONVERSION = YES;
				CLANG_WARN_INFINITE_RECURSION = YES;
				CLANG_WARN_INT_CONVERSION = YES;
				CLANG_WARN_NON_LITERAL_NULL_CONVERSION = YES;
				CLANG_WARN_OBJC_IMPLICIT_RETAIN_SELF = YES;
				CLANG_WARN_OBJC_LITERAL_CONVERSION = YES;
				CLANG_WARN_OBJC_ROOT_CLASS = YES_ERROR;
				CLANG_WARN_QUOTED_INCLUDE_IN_FRAMEWORK_HEADER = YES;
				CLANG_WARN_RANGE_LOOP_ANALYSIS = YES;
				CLANG_WARN_STRICT_PROTOTYPES = YES;
				CLANG_WARN_SUSPICIOUS_MOVE = YES;
				CLANG_WARN_UNGUARDED_AVAILABILITY = YES_AGGRESSIVE;
				CLANG_WARN_UNREACHABLE_CODE = YES;
				CLANG_WARN__DUPLICATE_METHOD_MATCH = YES;
				COPY_PHASE_STRIP = NO;
				DEBUG_INFORMATION_FORMAT = dwarf;
				ENABLE_STRICT_OBJC_MSGSEND = YES;
				ENABLE_TESTABILITY = YES;
				ENABLE_USER_SCRIPT_SANDBOXING = YES;
				GCC_C_LANGUAGE_STANDARD = gnu17;
				GCC_DYNAMIC_NO_PIC = NO;
				GCC_NO_COMMON_BLOCKS = YES;
				GCC_OPTIMIZATION_LEVEL = 0;
				GCC_PREPROCESSOR_DEFINITIONS = (
					"DEBUG=1",
					"$(inherited)",
				);
				GCC_WARN_64_TO_32_BIT_CONVERSION = YES;
				GCC_WARN_ABOUT_RETURN_TYPE = YES_ERROR;
				GCC_WARN_UNDECLARED_SELECTOR = YES;
				GCC_WARN_UNINITIALIZED_AUTOS = YES_AGGRESSIVE;
				GCC_WARN_UNUSED_FUNCTION = YES;
				GCC_WARN_UNUSED_VARIABLE = YES;
				IPHONEOS_DEPLOYMENT_TARGET = 17.2;
				LOCALIZATION_PREFERS_STRING_CATALOGS = YES;
				MTL_ENABLE_DEBUG_INFO = INCLUDE_SOURCE;
				MTL_FAST_MATH = YES;
				ONLY_ACTIVE_ARCH = YES;
				SDKROOT = iphoneos;
				SWIFT_ACTIVE_COMPILATION_CONDITIONS = "DEBUG $(inherited)";
				SWIFT_OPTIMIZATION_LEVEL = "-Onone";
			};
			name = Debug;
		};
		497F31002C429A6000923918 /* Release */ = {
			isa = XCBuildConfiguration;
			buildSettings = {
				ALWAYS_SEARCH_USER_PATHS = NO;
				ASSETCATALOG_COMPILER_GENERATE_SWIFT_ASSET_SYMBOL_EXTENSIONS = YES;
				CLANG_ANALYZER_NONNULL = YES;
				CLANG_ANALYZER_NUMBER_OBJECT_CONVERSION = YES_AGGRESSIVE;
				CLANG_CXX_LANGUAGE_STANDARD = "gnu++20";
				CLANG_ENABLE_MODULES = YES;
				CLANG_ENABLE_OBJC_ARC = YES;
				CLANG_ENABLE_OBJC_WEAK = YES;
				CLANG_WARN_BLOCK_CAPTURE_AUTORELEASING = YES;
				CLANG_WARN_BOOL_CONVERSION = YES;
				CLANG_WARN_COMMA = YES;
				CLANG_WARN_CONSTANT_CONVERSION = YES;
				CLANG_WARN_DEPRECATED_OBJC_IMPLEMENTATIONS = YES;
				CLANG_WARN_DIRECT_OBJC_ISA_USAGE = YES_ERROR;
				CLANG_WARN_DOCUMENTATION_COMMENTS = YES;
				CLANG_WARN_EMPTY_BODY = YES;
				CLANG_WARN_ENUM_CONVERSION = YES;
				CLANG_WARN_INFINITE_RECURSION = YES;
				CLANG_WARN_INT_CONVERSION = YES;
				CLANG_WARN_NON_LITERAL_NULL_CONVERSION = YES;
				CLANG_WARN_OBJC_IMPLICIT_RETAIN_SELF = YES;
				CLANG_WARN_OBJC_LITERAL_CONVERSION = YES;
				CLANG_WARN_OBJC_ROOT_CLASS = YES_ERROR;
				CLANG_WARN_QUOTED_INCLUDE_IN_FRAMEWORK_HEADER = YES;
				CLANG_WARN_RANGE_LOOP_ANALYSIS = YES;
				CLANG_WARN_STRICT_PROTOTYPES = YES;
				CLANG_WARN_SUSPICIOUS_MOVE = YES;
				CLANG_WARN_UNGUARDED_AVAILABILITY = YES_AGGRESSIVE;
				CLANG_WARN_UNREACHABLE_CODE = YES;
				CLANG_WARN__DUPLICATE_METHOD_MATCH = YES;
				COPY_PHASE_STRIP = NO;
				DEBUG_INFORMATION_FORMAT = "dwarf-with-dsym";
				ENABLE_NS_ASSERTIONS = NO;
				ENABLE_STRICT_OBJC_MSGSEND = YES;
				ENABLE_USER_SCRIPT_SANDBOXING = YES;
				GCC_C_LANGUAGE_STANDARD = gnu17;
				GCC_NO_COMMON_BLOCKS = YES;
				GCC_WARN_64_TO_32_BIT_CONVERSION = YES;
				GCC_WARN_ABOUT_RETURN_TYPE = YES_ERROR;
				GCC_WARN_UNDECLARED_SELECTOR = YES;
				GCC_WARN_UNINITIALIZED_AUTOS = YES_AGGRESSIVE;
				GCC_WARN_UNUSED_FUNCTION = YES;
				GCC_WARN_UNUSED_VARIABLE = YES;
				IPHONEOS_DEPLOYMENT_TARGET = 17.2;
				LOCALIZATION_PREFERS_STRING_CATALOGS = YES;
				MTL_ENABLE_DEBUG_INFO = NO;
				MTL_FAST_MATH = YES;
				SDKROOT = iphoneos;
				SWIFT_COMPILATION_MODE = wholemodule;
				VALIDATE_PRODUCT = YES;
			};
			name = Release;
		};
		497F31022C429A6000923918 /* Debug */ = {
			isa = XCBuildConfiguration;
			buildSettings = {
				ASSETCATALOG_COMPILER_APPICON_NAME = AppIcon;
				ASSETCATALOG_COMPILER_GLOBAL_ACCENT_COLOR_NAME = AccentColor;
				CODE_SIGN_STYLE = Automatic;
				CURRENT_PROJECT_VERSION = 1;
				DEVELOPMENT_TEAM = R6V3UCSNG3;
				GENERATE_INFOPLIST_FILE = YES;
				INFOPLIST_FILE = ToastViewSample/Info.plist;
				INFOPLIST_KEY_UIApplicationSupportsIndirectInputEvents = YES;
				INFOPLIST_KEY_UILaunchStoryboardName = LaunchScreen;
				INFOPLIST_KEY_UIMainStoryboardFile = "";
				INFOPLIST_KEY_UISupportedInterfaceOrientations_iPad = "UIInterfaceOrientationPortrait UIInterfaceOrientationPortraitUpsideDown UIInterfaceOrientationLandscapeLeft UIInterfaceOrientationLandscapeRight";
				INFOPLIST_KEY_UISupportedInterfaceOrientations_iPhone = "UIInterfaceOrientationPortrait UIInterfaceOrientationLandscapeLeft UIInterfaceOrientationLandscapeRight";
				IPHONEOS_DEPLOYMENT_TARGET = 15.0;
				LD_RUNPATH_SEARCH_PATHS = (
					"$(inherited)",
					"@executable_path/Frameworks",
				);
				MARKETING_VERSION = 1.0;
				PRODUCT_BUNDLE_IDENTIFIER = com.ycompany.ToastViewSample;
				PRODUCT_NAME = "$(TARGET_NAME)";
				SWIFT_EMIT_LOC_STRINGS = YES;
				SWIFT_VERSION = 5.0;
				TARGETED_DEVICE_FAMILY = "1,2";
			};
			name = Debug;
		};
		497F31032C429A6000923918 /* Release */ = {
			isa = XCBuildConfiguration;
			buildSettings = {
				ASSETCATALOG_COMPILER_APPICON_NAME = AppIcon;
				ASSETCATALOG_COMPILER_GLOBAL_ACCENT_COLOR_NAME = AccentColor;
				CODE_SIGN_STYLE = Automatic;
				CURRENT_PROJECT_VERSION = 1;
				DEVELOPMENT_TEAM = R6V3UCSNG3;
				GENERATE_INFOPLIST_FILE = YES;
				INFOPLIST_FILE = ToastViewSample/Info.plist;
				INFOPLIST_KEY_UIApplicationSupportsIndirectInputEvents = YES;
				INFOPLIST_KEY_UILaunchStoryboardName = LaunchScreen;
				INFOPLIST_KEY_UIMainStoryboardFile = "";
				INFOPLIST_KEY_UISupportedInterfaceOrientations_iPad = "UIInterfaceOrientationPortrait UIInterfaceOrientationPortraitUpsideDown UIInterfaceOrientationLandscapeLeft UIInterfaceOrientationLandscapeRight";
				INFOPLIST_KEY_UISupportedInterfaceOrientations_iPhone = "UIInterfaceOrientationPortrait UIInterfaceOrientationLandscapeLeft UIInterfaceOrientationLandscapeRight";
				IPHONEOS_DEPLOYMENT_TARGET = 15.0;
				LD_RUNPATH_SEARCH_PATHS = (
					"$(inherited)",
					"@executable_path/Frameworks",
				);
				MARKETING_VERSION = 1.0;
				PRODUCT_BUNDLE_IDENTIFIER = com.ycompany.ToastViewSample;
				PRODUCT_NAME = "$(TARGET_NAME)";
				SWIFT_EMIT_LOC_STRINGS = YES;
				SWIFT_VERSION = 5.0;
				TARGETED_DEVICE_FAMILY = "1,2";
			};
			name = Release;
		};
/* End XCBuildConfiguration section */

/* Begin XCConfigurationList section */
		497F30E82C429A5E00923918 /* Build configuration list for PBXProject "ToastViewSample" */ = {
			isa = XCConfigurationList;
			buildConfigurations = (
				497F30FF2C429A6000923918 /* Debug */,
				497F31002C429A6000923918 /* Release */,
			);
			defaultConfigurationIsVisible = 0;
			defaultConfigurationName = Release;
		};
		497F31012C429A6000923918 /* Build configuration list for PBXNativeTarget "ToastViewSample" */ = {
			isa = XCConfigurationList;
			buildConfigurations = (
				497F31022C429A6000923918 /* Debug */,
				497F31032C429A6000923918 /* Release */,
			);
			defaultConfigurationIsVisible = 0;
			defaultConfigurationName = Release;
		};
/* End XCConfigurationList section */

/* Begin XCRemoteSwiftPackageReference section */
		497F31042C429B1800923918 /* XCRemoteSwiftPackageReference "SnapKit" */ = {
			isa = XCRemoteSwiftPackageReference;
			repositoryURL = "https://github.com/SnapKit/SnapKit.git";
			requirement = {
				kind = upToNextMajorVersion;
				minimumVersion = 5.7.1;
			};
		};
		497F31112C429F2800923918 /* XCRemoteSwiftPackageReference "CombineCocoa" */ = {
			isa = XCRemoteSwiftPackageReference;
			repositoryURL = "https://github.com/CombineCommunity/CombineCocoa.git";
			requirement = {
				kind = upToNextMajorVersion;
				minimumVersion = 0.4.1;
			};
		};
/* End XCRemoteSwiftPackageReference section */

/* Begin XCSwiftPackageProductDependency section */
		497F31052C429B1800923918 /* SnapKit */ = {
			isa = XCSwiftPackageProductDependency;
			package = 497F31042C429B1800923918 /* XCRemoteSwiftPackageReference "SnapKit" */;
			productName = SnapKit;
		};
		497F31122C429F2800923918 /* CombineCocoa */ = {
			isa = XCSwiftPackageProductDependency;
			package = 497F31112C429F2800923918 /* XCRemoteSwiftPackageReference "CombineCocoa" */;
			productName = CombineCocoa;
		};
/* End XCSwiftPackageProductDependency section */
	};
	rootObject = 497F30E52C429A5E00923918 /* Project object */;
}
